// !$*UTF8*$!
{
	archiveVersion = 1;
	classes = {
	};
	objectVersion = 46;
	objects = {

/* Begin PBXBuildFile section */
		DAF50B281ECA15B50044B316 /* main.m in Sources */ = {isa = PBXBuildFile; fileRef = DAF50B271ECA15B50044B316 /* main.m */; };
		DAF50B2B1ECA15B50044B316 /* AppDelegate.m in Sources */ = {isa = PBXBuildFile; fileRef = DAF50B2A1ECA15B50044B316 /* AppDelegate.m */; };
		DAF50B2E1ECA15B50044B316 /* MasterViewController.m in Sources */ = {isa = PBXBuildFile; fileRef = DAF50B2D1ECA15B50044B316 /* MasterViewController.m */; };
		DAF50B311ECA15B50044B316 /* MapViewController.m in Sources */ = {isa = PBXBuildFile; fileRef = DAF50B301ECA15B50044B316 /* MapViewController.m */; };
		DAF50B341ECA15B50044B316 /* Main.storyboard in Resources */ = {isa = PBXBuildFile; fileRef = DAF50B321ECA15B50044B316 /* Main.storyboard */; };
		DAF50B361ECA15B50044B316 /* Assets.xcassets in Resources */ = {isa = PBXBuildFile; fileRef = DAF50B351ECA15B50044B316 /* Assets.xcassets */; };
		DAF50B391ECA15B50044B316 /* LaunchScreen.storyboard in Resources */ = {isa = PBXBuildFile; fileRef = DAF50B371ECA15B50044B316 /* LaunchScreen.storyboard */; };
/* End PBXBuildFile section */

/* Begin PBXFileReference section */
		DAF50B231ECA15B50044B316 /* MapboxPlugins.app */ = {isa = PBXFileReference; explicitFileType = wrapper.application; includeInIndex = 0; path = MapboxPlugins.app; sourceTree = BUILT_PRODUCTS_DIR; };
		DAF50B271ECA15B50044B316 /* main.m */ = {isa = PBXFileReference; lastKnownFileType = sourcecode.c.objc; path = main.m; sourceTree = "<group>"; };
		DAF50B291ECA15B50044B316 /* AppDelegate.h */ = {isa = PBXFileReference; lastKnownFileType = sourcecode.c.h; path = AppDelegate.h; sourceTree = "<group>"; };
		DAF50B2A1ECA15B50044B316 /* AppDelegate.m */ = {isa = PBXFileReference; lastKnownFileType = sourcecode.c.objc; path = AppDelegate.m; sourceTree = "<group>"; };
		DAF50B2C1ECA15B50044B316 /* MasterViewController.h */ = {isa = PBXFileReference; lastKnownFileType = sourcecode.c.h; path = MasterViewController.h; sourceTree = "<group>"; };
		DAF50B2D1ECA15B50044B316 /* MasterViewController.m */ = {isa = PBXFileReference; lastKnownFileType = sourcecode.c.objc; path = MasterViewController.m; sourceTree = "<group>"; };
		DAF50B2F1ECA15B50044B316 /* MapViewController.h */ = {isa = PBXFileReference; lastKnownFileType = sourcecode.c.h; path = MapViewController.h; sourceTree = "<group>"; };
		DAF50B301ECA15B50044B316 /* MapViewController.m */ = {isa = PBXFileReference; lastKnownFileType = sourcecode.c.objc; path = MapViewController.m; sourceTree = "<group>"; };
		DAF50B331ECA15B50044B316 /* Base */ = {isa = PBXFileReference; lastKnownFileType = file.storyboard; name = Base; path = Base.lproj/Main.storyboard; sourceTree = "<group>"; };
		DAF50B351ECA15B50044B316 /* Assets.xcassets */ = {isa = PBXFileReference; lastKnownFileType = folder.assetcatalog; path = Assets.xcassets; sourceTree = "<group>"; };
		DAF50B381ECA15B50044B316 /* Base */ = {isa = PBXFileReference; lastKnownFileType = file.storyboard; name = Base; path = Base.lproj/LaunchScreen.storyboard; sourceTree = "<group>"; };
		DAF50B3A1ECA15B50044B316 /* Info.plist */ = {isa = PBXFileReference; lastKnownFileType = text.plist.xml; path = Info.plist; sourceTree = "<group>"; };
/* End PBXFileReference section */

/* Begin PBXFrameworksBuildPhase section */
		DAF50B201ECA15B50044B316 /* Frameworks */ = {
			isa = PBXFrameworksBuildPhase;
			buildActionMask = 2147483647;
			files = (
			);
			runOnlyForDeploymentPostprocessing = 0;
		};
/* End PBXFrameworksBuildPhase section */

/* Begin PBXGroup section */
		DAF50B1A1ECA15B50044B316 = {
			isa = PBXGroup;
			children = (
				DAF50B251ECA15B50044B316 /* MapboxPlugins */,
				DAF50B241ECA15B50044B316 /* Products */,
			);
			sourceTree = "<group>";
		};
		DAF50B241ECA15B50044B316 /* Products */ = {
			isa = PBXGroup;
			children = (
				DAF50B231ECA15B50044B316 /* MapboxPlugins.app */,
			);
			name = Products;
			sourceTree = "<group>";
		};
		DAF50B251ECA15B50044B316 /* MapboxPlugins */ = {
			isa = PBXGroup;
			children = (
				DAF50B291ECA15B50044B316 /* AppDelegate.h */,
				DAF50B2A1ECA15B50044B316 /* AppDelegate.m */,
				DAF50B2C1ECA15B50044B316 /* MasterViewController.h */,
				DAF50B2D1ECA15B50044B316 /* MasterViewController.m */,
				DAF50B2F1ECA15B50044B316 /* MapViewController.h */,
				DAF50B301ECA15B50044B316 /* MapViewController.m */,
				DAF50B321ECA15B50044B316 /* Main.storyboard */,
				DAF50B351ECA15B50044B316 /* Assets.xcassets */,
				DAF50B371ECA15B50044B316 /* LaunchScreen.storyboard */,
				DAF50B3A1ECA15B50044B316 /* Info.plist */,
				DAF50B261ECA15B50044B316 /* Supporting Files */,
			);
			path = MapboxPlugins;
			sourceTree = "<group>";
		};
		DAF50B261ECA15B50044B316 /* Supporting Files */ = {
			isa = PBXGroup;
			children = (
				DAF50B271ECA15B50044B316 /* main.m */,
			);
			name = "Supporting Files";
			sourceTree = "<group>";
		};
/* End PBXGroup section */

/* Begin PBXNativeTarget section */
		DAF50B221ECA15B50044B316 /* MapboxPlugins */ = {
			isa = PBXNativeTarget;
			buildConfigurationList = DAF50B3D1ECA15B50044B316 /* Build configuration list for PBXNativeTarget "MapboxPlugins" */;
			buildPhases = (
				DAF50B1F1ECA15B50044B316 /* Sources */,
				DAF50B201ECA15B50044B316 /* Frameworks */,
				DAF50B211ECA15B50044B316 /* Resources */,
			);
			buildRules = (
			);
			dependencies = (
			);
			name = MapboxPlugins;
			productName = MapboxPlugins;
			productReference = DAF50B231ECA15B50044B316 /* MapboxPlugins.app */;
			productType = "com.apple.product-type.application";
		};
/* End PBXNativeTarget section */

/* Begin PBXProject section */
		DAF50B1B1ECA15B50044B316 /* Project object */ = {
			isa = PBXProject;
			attributes = {
				LastUpgradeCheck = 0830;
				ORGANIZATIONNAME = Mapbox;
				TargetAttributes = {
					DAF50B221ECA15B50044B316 = {
						CreatedOnToolsVersion = 8.3.2;
						DevelopmentTeam = GJZR2MEM28;
						ProvisioningStyle = Automatic;
					};
				};
			};
			buildConfigurationList = DAF50B1E1ECA15B50044B316 /* Build configuration list for PBXProject "MapboxPlugins" */;
			compatibilityVersion = "Xcode 3.2";
			developmentRegion = English;
			hasScannedForEncodings = 0;
			knownRegions = (
				en,
				Base,
			);
			mainGroup = DAF50B1A1ECA15B50044B316;
			productRefGroup = DAF50B241ECA15B50044B316 /* Products */;
			projectDirPath = "";
			projectRoot = "";
			targets = (
				DAF50B221ECA15B50044B316 /* MapboxPlugins */,
			);
		};
/* End PBXProject section */

/* Begin PBXResourcesBuildPhase section */
		DAF50B211ECA15B50044B316 /* Resources */ = {
			isa = PBXResourcesBuildPhase;
			buildActionMask = 2147483647;
			files = (
				DAF50B391ECA15B50044B316 /* LaunchScreen.storyboard in Resources */,
				DAF50B361ECA15B50044B316 /* Assets.xcassets in Resources */,
				DAF50B341ECA15B50044B316 /* Main.storyboard in Resources */,
			);
			runOnlyForDeploymentPostprocessing = 0;
		};
/* End PBXResourcesBuildPhase section */

/* Begin PBXSourcesBuildPhase section */
		DAF50B1F1ECA15B50044B316 /* Sources */ = {
			isa = PBXSourcesBuildPhase;
			buildActionMask = 2147483647;
			files = (
				DAF50B2B1ECA15B50044B316 /* AppDelegate.m in Sources */,
				DAF50B2E1ECA15B50044B316 /* MasterViewController.m in Sources */,
				DAF50B281ECA15B50044B316 /* main.m in Sources */,
				DAF50B311ECA15B50044B316 /* MapViewController.m in Sources */,
			);
			runOnlyForDeploymentPostprocessing = 0;
		};
/* End PBXSourcesBuildPhase section */

/* Begin PBXVariantGroup section */
		DAF50B321ECA15B50044B316 /* Main.storyboard */ = {
			isa = PBXVariantGroup;
			children = (
				DAF50B331ECA15B50044B316 /* Base */,
			);
			name = Main.storyboard;
			sourceTree = "<group>";
		};
		DAF50B371ECA15B50044B316 /* LaunchScreen.storyboard */ = {
			isa = PBXVariantGroup;
			children = (
				DAF50B381ECA15B50044B316 /* Base */,
			);
			name = LaunchScreen.storyboard;
			sourceTree = "<group>";
		};
/* End PBXVariantGroup section */

/* Begin XCBuildConfiguration section */
		DAF50B3B1ECA15B50044B316 /* Debug */ = {
			isa = XCBuildConfiguration;
			buildSettings = {
				ALWAYS_SEARCH_USER_PATHS = NO;
				CLANG_ANALYZER_NONNULL = YES;
				CLANG_ANALYZER_NUMBER_OBJECT_CONVERSION = YES_AGGRESSIVE;
				CLANG_CXX_LANGUAGE_STANDARD = "gnu++0x";
				CLANG_CXX_LIBRARY = "libc++";
				CLANG_ENABLE_MODULES = YES;
				CLANG_ENABLE_OBJC_ARC = YES;
				CLANG_WARN_BOOL_CONVERSION = YES;
				CLANG_WARN_CONSTANT_CONVERSION = YES;
				CLANG_WARN_DIRECT_OBJC_ISA_USAGE = YES_ERROR;
				CLANG_WARN_DOCUMENTATION_COMMENTS = YES;
				CLANG_WARN_EMPTY_BODY = YES;
				CLANG_WARN_ENUM_CONVERSION = YES;
				CLANG_WARN_INFINITE_RECURSION = YES;
				CLANG_WARN_INT_CONVERSION = YES;
				CLANG_WARN_OBJC_ROOT_CLASS = YES_ERROR;
				CLANG_WARN_SUSPICIOUS_MOVE = YES;
				CLANG_WARN_UNREACHABLE_CODE = YES;
				CLANG_WARN__DUPLICATE_METHOD_MATCH = YES;
				"CODE_SIGN_IDENTITY[sdk=iphoneos*]" = "iPhone Developer";
				COPY_PHASE_STRIP = NO;
				DEBUG_INFORMATION_FORMAT = dwarf;
				ENABLE_STRICT_OBJC_MSGSEND = YES;
				ENABLE_TESTABILITY = YES;
				GCC_C_LANGUAGE_STANDARD = gnu99;
				GCC_DYNAMIC_NO_PIC = NO;
				GCC_NO_COMMON_BLOCKS = YES;
				GCC_OPTIMIZATION_LEVEL = 0;
				GCC_PREPROCESSOR_DEFINITIONS = (
					"DEBUG=1",
					"$(inherited)",
				);
				GCC_WARN_64_TO_32_BIT_CONVERSION = YES;
				GCC_WARN_ABOUT_RETURN_TYPE = YES_ERROR;
				GCC_WARN_UNDECLARED_SELECTOR = YES;
				GCC_WARN_UNINITIALIZED_AUTOS = YES_AGGRESSIVE;
				GCC_WARN_UNUSED_FUNCTION = YES;
				GCC_WARN_UNUSED_VARIABLE = YES;
				IPHONEOS_DEPLOYMENT_TARGET = 10.3;
				MTL_ENABLE_DEBUG_INFO = YES;
				ONLY_ACTIVE_ARCH = YES;
				SDKROOT = iphoneos;
				TARGETED_DEVICE_FAMILY = "1,2";
			};
			name = Debug;
		};
		DAF50B3C1ECA15B50044B316 /* Release */ = {
			isa = XCBuildConfiguration;
			buildSettings = {
				ALWAYS_SEARCH_USER_PATHS = NO;
				CLANG_ANALYZER_NONNULL = YES;
				CLANG_ANALYZER_NUMBER_OBJECT_CONVERSION = YES_AGGRESSIVE;
				CLANG_CXX_LANGUAGE_STANDARD = "gnu++0x";
				CLANG_CXX_LIBRARY = "libc++";
				CLANG_ENABLE_MODULES = YES;
				CLANG_ENABLE_OBJC_ARC = YES;
				CLANG_WARN_BOOL_CONVERSION = YES;
				CLANG_WARN_CONSTANT_CONVERSION = YES;
				CLANG_WARN_DIRECT_OBJC_ISA_USAGE = YES_ERROR;
				CLANG_WARN_DOCUMENTATION_COMMENTS = YES;
				CLANG_WARN_EMPTY_BODY = YES;
				CLANG_WARN_ENUM_CONVERSION = YES;
				CLANG_WARN_INFINITE_RECURSION = YES;
				CLANG_WARN_INT_CONVERSION = YES;
				CLANG_WARN_OBJC_ROOT_CLASS = YES_ERROR;
				CLANG_WARN_SUSPICIOUS_MOVE = YES;
				CLANG_WARN_UNREACHABLE_CODE = YES;
				CLANG_WARN__DUPLICATE_METHOD_MATCH = YES;
				"CODE_SIGN_IDENTITY[sdk=iphoneos*]" = "iPhone Developer";
				COPY_PHASE_STRIP = NO;
				DEBUG_INFORMATION_FORMAT = "dwarf-with-dsym";
				ENABLE_NS_ASSERTIONS = NO;
				ENABLE_STRICT_OBJC_MSGSEND = YES;
				GCC_C_LANGUAGE_STANDARD = gnu99;
				GCC_NO_COMMON_BLOCKS = YES;
				GCC_WARN_64_TO_32_BIT_CONVERSION = YES;
				GCC_WARN_ABOUT_RETURN_TYPE = YES_ERROR;
				GCC_WARN_UNDECLARED_SELECTOR = YES;
				GCC_WARN_UNINITIALIZED_AUTOS = YES_AGGRESSIVE;
				GCC_WARN_UNUSED_FUNCTION = YES;
				GCC_WARN_UNUSED_VARIABLE = YES;
				IPHONEOS_DEPLOYMENT_TARGET = 10.3;
				MTL_ENABLE_DEBUG_INFO = NO;
				SDKROOT = iphoneos;
				TARGETED_DEVICE_FAMILY = "1,2";
				VALIDATE_PRODUCT = YES;
			};
			name = Release;
		};
		DAF50B3E1ECA15B50044B316 /* Debug */ = {
			isa = XCBuildConfiguration;
			buildSettings = {
				ASSETCATALOG_COMPILER_APPICON_NAME = AppIcon;
				DEVELOPMENT_TEAM = GJZR2MEM28;
				INFOPLIST_FILE = MapboxPlugins/Info.plist;
				LD_RUNPATH_SEARCH_PATHS = "$(inherited) @executable_path/Frameworks";
				PRODUCT_BUNDLE_IDENTIFIER = com.mapbox.MapboxPlugins;
				PRODUCT_NAME = "$(TARGET_NAME)";
			};
			name = Debug;
		};
		DAF50B3F1ECA15B50044B316 /* Release */ = {
			isa = XCBuildConfiguration;
			buildSettings = {
				ASSETCATALOG_COMPILER_APPICON_NAME = AppIcon;
				DEVELOPMENT_TEAM = GJZR2MEM28;
				INFOPLIST_FILE = MapboxPlugins/Info.plist;
				LD_RUNPATH_SEARCH_PATHS = "$(inherited) @executable_path/Frameworks";
				PRODUCT_BUNDLE_IDENTIFIER = com.mapbox.MapboxPlugins;
				PRODUCT_NAME = "$(TARGET_NAME)";
			};
			name = Release;
		};
/* End XCBuildConfiguration section */

/* Begin XCConfigurationList section */
		DAF50B1E1ECA15B50044B316 /* Build configuration list for PBXProject "MapboxPlugins" */ = {
			isa = XCConfigurationList;
			buildConfigurations = (
				DAF50B3B1ECA15B50044B316 /* Debug */,
				DAF50B3C1ECA15B50044B316 /* Release */,
			);
			defaultConfigurationIsVisible = 0;
			defaultConfigurationName = Release;
		};
		DAF50B3D1ECA15B50044B316 /* Build configuration list for PBXNativeTarget "MapboxPlugins" */ = {
			isa = XCConfigurationList;
			buildConfigurations = (
				DAF50B3E1ECA15B50044B316 /* Debug */,
				DAF50B3F1ECA15B50044B316 /* Release */,
			);
			defaultConfigurationIsVisible = 0;
		};
/* End XCConfigurationList section */
	};
	rootObject = DAF50B1B1ECA15B50044B316 /* Project object */;
}
